{
  "name": "social-mining-contracts",
  "lockfileVersion": 2,
  "requires": true,
  "packages": {
    "": {
      "dependencies": {
        "@openzeppelin/contracts": "^4.9.0"
      }
    },
    "node_modules/@openzeppelin/contracts": {
      "version": "4.9.5",
      "license": "MIT"
    }
  },
  "dependencies": {
    "@openzeppelin/contracts": {
      "version": "4.9.5"
    }
  }
}
